
Microsoft Visual Studio Solution File, Format Version 12.00
# Visual Studio 15
VisualStudioVersion = 15.0.28307.421
MinimumVisualStudioVersion = 10.0.40219.1
Project("{FAE04EC0-301F-11D3-BF4B-00C04F79EFBC}") = "MuOnline", "MuOnline\MuOnline.csproj", "{8C2F5302-5532-4F01-B75F-9842266E2F95}"
EndProject
Global
	GlobalSection(SolutionConfigurationPlatforms) = preSolution
		Debug|Any CPU = Debug|Any CPU
		Release|Any CPU = Release|Any CPU
	EndGlobalSection
	GlobalSection(ProjectConfigurationPlatforms) = postSolution
		{8C2F5302-5532-4F01-B75F-9842266E2F95}.Debug|Any CPU.ActiveCfg = Debug|Any CPU
		{8C2F5302-5532-4F01-B75F-9842266E2F95}.Debug|Any CPU.Build.0 = Debug|Any CPU
		{8C2F5302-5532-4F01-B75F-9842266E2F95}.Release|Any CPU.ActiveCfg = Release|Any CPU
		{8C2F5302-5532-4F01-B75F-9842266E2F95}.Release|Any CPU.Build.0 = Release|Any CPU
	EndGlobalSection
	GlobalSection(SolutionProperties) = preSolution
		HideSolutionNode = FALSE
	EndGlobalSection
	GlobalSection(ExtensibilityGlobals) = postSolution
		SolutionGuid = {7D8B6CD9-2522-4643-882A-E518AED0C3AD}
	EndGlobalSection
EndGlobal
